
Microsoft Visual Studio Solution File, Format Version 12.00
# Visual Studio 15
VisualStudioVersion = 15.0.28307.489
MinimumVisualStudioVersion = 10.0.40219.1
Project("{888888A0-9F3D-457C-B088-3A5042F75D52}") = "Data_pre-processing", "Data_pre-processing\Data_pre-processing.pyproj", "{C9560505-39C2-4238-8D5B-E19A5D6774CA}"
EndProject
Global
	GlobalSection(SolutionConfigurationPlatforms) = preSolution
		Debug|Any CPU = Debug|Any CPU
		Release|Any CPU = Release|Any CPU
	EndGlobalSection
	GlobalSection(ProjectConfigurationPlatforms) = postSolution
		{C9560505-39C2-4238-8D5B-E19A5D6774CA}.Debug|Any CPU.ActiveCfg = Debug|Any CPU
		{C9560505-39C2-4238-8D5B-E19A5D6774CA}.Release|Any CPU.ActiveCfg = Release|Any CPU
	EndGlobalSection
	GlobalSection(SolutionProperties) = preSolution
		HideSolutionNode = FALSE
	EndGlobalSection
	GlobalSection(ExtensibilityGlobals) = postSolution
		SolutionGuid = {235466C9-2839-4917-BB5D-E54E98197CBF}
	EndGlobalSection
EndGlobal
